// !$*UTF8*$!
{
	archiveVersion = 1;
	classes = {
	};
	objectVersion = 46;
	objects = {

/* Begin PBXBuildFile section */
		D7A116A31DA0EBD800E8D4FC /* weatherappbackgroundimage.png in Resources */ = {isa = PBXBuildFile; fileRef = D7A116A21DA0EBD800E8D4FC /* weatherappbackgroundimage.png */; };
		D7D1FBAD1DA0E6CB0011824B /* AppDelegate.swift in Sources */ = {isa = PBXBuildFile; fileRef = D7D1FBAC1DA0E6CB0011824B /* AppDelegate.swift */; };
		D7D1FBAF1DA0E6CB0011824B /* ViewController.swift in Sources */ = {isa = PBXBuildFile; fileRef = D7D1FBAE1DA0E6CB0011824B /* ViewController.swift */; };
		D7D1FBB21DA0E6CB0011824B /* Main.storyboard in Resources */ = {isa = PBXBuildFile; fileRef = D7D1FBB01DA0E6CB0011824B /* Main.storyboard */; };
		D7D1FBB41DA0E6CB0011824B /* Assets.xcassets in Resources */ = {isa = PBXBuildFile; fileRef = D7D1FBB31DA0E6CB0011824B /* Assets.xcassets */; };
		D7D1FBB71DA0E6CB0011824B /* LaunchScreen.storyboard in Resources */ = {isa = PBXBuildFile; fileRef = D7D1FBB51DA0E6CB0011824B /* LaunchScreen.storyboard */; };
/* End PBXBuildFile section */

/* Begin PBXFileReference section */
		D7A116A21DA0EBD800E8D4FC /* weatherappbackgroundimage.png */ = {isa = PBXFileReference; lastKnownFileType = image.png; path = weatherappbackgroundimage.png; sourceTree = "<group>"; };
		D7D1FBA91DA0E6CB0011824B /* WhetherWeather.app */ = {isa = PBXFileReference; explicitFileType = wrapper.application; includeInIndex = 0; path = WhetherWeather.app; sourceTree = BUILT_PRODUCTS_DIR; };
		D7D1FBAC1DA0E6CB0011824B /* AppDelegate.swift */ = {isa = PBXFileReference; lastKnownFileType = sourcecode.swift; path = AppDelegate.swift; sourceTree = "<group>"; };
		D7D1FBAE1DA0E6CB0011824B /* ViewController.swift */ = {isa = PBXFileReference; lastKnownFileType = sourcecode.swift; path = ViewController.swift; sourceTree = "<group>"; };
		D7D1FBB11DA0E6CB0011824B /* Base */ = {isa = PBXFileReference; lastKnownFileType = file.storyboard; name = Base; path = Base.lproj/Main.storyboard; sourceTree = "<group>"; };
		D7D1FBB31DA0E6CB0011824B /* Assets.xcassets */ = {isa = PBXFileReference; lastKnownFileType = folder.assetcatalog; path = Assets.xcassets; sourceTree = "<group>"; };
		D7D1FBB61DA0E6CB0011824B /* Base */ = {isa = PBXFileReference; lastKnownFileType = file.storyboard; name = Base; path = Base.lproj/LaunchScreen.storyboard; sourceTree = "<group>"; };
		D7D1FBB81DA0E6CB0011824B /* Info.plist */ = {isa = PBXFileReference; lastKnownFileType = text.plist.xml; path = Info.plist; sourceTree = "<group>"; };
/* End PBXFileReference section */

/* Begin PBXFrameworksBuildPhase section */
		D7D1FBA61DA0E6CB0011824B /* Frameworks */ = {
			isa = PBXFrameworksBuildPhase;
			buildActionMask = 2147483647;
			files = (
			);
			runOnlyForDeploymentPostprocessing = 0;
		};
/* End PBXFrameworksBuildPhase section */

/* Begin PBXGroup section */
		D7D1FBA01DA0E6CB0011824B = {
			isa = PBXGroup;
			children = (
				D7D1FBAB1DA0E6CB0011824B /* WhetherWeather */,
				D7D1FBAA1DA0E6CB0011824B /* Products */,
			);
			sourceTree = "<group>";
		};
		D7D1FBAA1DA0E6CB0011824B /* Products */ = {
			isa = PBXGroup;
			children = (
				D7D1FBA91DA0E6CB0011824B /* WhetherWeather.app */,
			);
			name = Products;
			sourceTree = "<group>";
		};
		D7D1FBAB1DA0E6CB0011824B /* WhetherWeather */ = {
			isa = PBXGroup;
			children = (
				D7D1FBAC1DA0E6CB0011824B /* AppDelegate.swift */,
				D7D1FBAE1DA0E6CB0011824B /* ViewController.swift */,
				D7D1FBB01DA0E6CB0011824B /* Main.storyboard */,
				D7D1FBB31DA0E6CB0011824B /* Assets.xcassets */,
				D7D1FBB51DA0E6CB0011824B /* LaunchScreen.storyboard */,
				D7A116A21DA0EBD800E8D4FC /* weatherappbackgroundimage.png */,
				D7D1FBB81DA0E6CB0011824B /* Info.plist */,
			);
			path = WhetherWeather;
			sourceTree = "<group>";
		};
/* End PBXGroup section */

/* Begin PBXNativeTarget section */
		D7D1FBA81DA0E6CB0011824B /* WhetherWeather */ = {
			isa = PBXNativeTarget;
			buildConfigurationList = D7D1FBBB1DA0E6CB0011824B /* Build configuration list for PBXNativeTarget "WhetherWeather" */;
			buildPhases = (
				D7D1FBA51DA0E6CB0011824B /* Sources */,
				D7D1FBA61DA0E6CB0011824B /* Frameworks */,
				D7D1FBA71DA0E6CB0011824B /* Resources */,
			);
			buildRules = (
			);
			dependencies = (
			);
			name = WhetherWeather;
			productName = WhetherWeather;
			productReference = D7D1FBA91DA0E6CB0011824B /* WhetherWeather.app */;
			productType = "com.apple.product-type.application";
		};
/* End PBXNativeTarget section */

/* Begin PBXProject section */
		D7D1FBA11DA0E6CB0011824B /* Project object */ = {
			isa = PBXProject;
			attributes = {
				LastSwiftUpdateCheck = 0800;
				LastUpgradeCheck = 0800;
				ORGANIZATIONNAME = "Denver Coder";
				TargetAttributes = {
					D7D1FBA81DA0E6CB0011824B = {
						CreatedOnToolsVersion = 8.0;
						DevelopmentTeam = 88UZ84VZEF;
						ProvisioningStyle = Automatic;
					};
				};
			};
			buildConfigurationList = D7D1FBA41DA0E6CB0011824B /* Build configuration list for PBXProject "WhetherWeather" */;
			compatibilityVersion = "Xcode 3.2";
			developmentRegion = English;
			hasScannedForEncodings = 0;
			knownRegions = (
				en,
				Base,
			);
			mainGroup = D7D1FBA01DA0E6CB0011824B;
			productRefGroup = D7D1FBAA1DA0E6CB0011824B /* Products */;
			projectDirPath = "";
			projectRoot = "";
			targets = (
				D7D1FBA81DA0E6CB0011824B /* WhetherWeather */,
			);
		};
/* End PBXProject section */

/* Begin PBXResourcesBuildPhase section */
		D7D1FBA71DA0E6CB0011824B /* Resources */ = {
			isa = PBXResourcesBuildPhase;
			buildActionMask = 2147483647;
			files = (
				D7A116A31DA0EBD800E8D4FC /* weatherappbackgroundimage.png in Resources */,
				D7D1FBB71DA0E6CB0011824B /* LaunchScreen.storyboard in Resources */,
				D7D1FBB41DA0E6CB0011824B /* Assets.xcassets in Resources */,
				D7D1FBB21DA0E6CB0011824B /* Main.storyboard in Resources */,
			);
			runOnlyForDeploymentPostprocessing = 0;
		};
/* End PBXResourcesBuildPhase section */

/* Begin PBXSourcesBuildPhase section */
		D7D1FBA51DA0E6CB0011824B /* Sources */ = {
			isa = PBXSourcesBuildPhase;
			buildActionMask = 2147483647;
			files = (
				D7D1FBAF1DA0E6CB0011824B /* ViewController.swift in Sources */,
				D7D1FBAD1DA0E6CB0011824B /* AppDelegate.swift in Sources */,
			);
			runOnlyForDeploymentPostprocessing = 0;
		};
/* End PBXSourcesBuildPhase section */

/* Begin PBXVariantGroup section */
		D7D1FBB01DA0E6CB0011824B /* Main.storyboard */ = {
			isa = PBXVariantGroup;
			children = (
				D7D1FBB11DA0E6CB0011824B /* Base */,
			);
			name = Main.storyboard;
			sourceTree = "<group>";
		};
		D7D1FBB51DA0E6CB0011824B /* LaunchScreen.storyboard */ = {
			isa = PBXVariantGroup;
			children = (
				D7D1FBB61DA0E6CB0011824B /* Base */,
			);
			name = LaunchScreen.storyboard;
			sourceTree = "<group>";
		};
/* End PBXVariantGroup section */

/* Begin XCBuildConfiguration section */
		D7D1FBB91DA0E6CB0011824B /* Debug */ = {
			isa = XCBuildConfiguration;
			buildSettings = {
				ALWAYS_SEARCH_USER_PATHS = NO;
				CLANG_ANALYZER_NONNULL = YES;
				CLANG_CXX_LANGUAGE_STANDARD = "gnu++0x";
				CLANG_CXX_LIBRARY = "libc++";
				CLANG_ENABLE_MODULES = YES;
				CLANG_ENABLE_OBJC_ARC = YES;
				CLANG_WARN_BOOL_CONVERSION = YES;
				CLANG_WARN_CONSTANT_CONVERSION = YES;
				CLANG_WARN_DIRECT_OBJC_ISA_USAGE = YES_ERROR;
				CLANG_WARN_DOCUMENTATION_COMMENTS = YES;
				CLANG_WARN_EMPTY_BODY = YES;
				CLANG_WARN_ENUM_CONVERSION = YES;
				CLANG_WARN_INFINITE_RECURSION = YES;
				CLANG_WARN_INT_CONVERSION = YES;
				CLANG_WARN_OBJC_ROOT_CLASS = YES_ERROR;
				CLANG_WARN_SUSPICIOUS_MOVES = YES;
				CLANG_WARN_UNREACHABLE_CODE = YES;
				CLANG_WARN__DUPLICATE_METHOD_MATCH = YES;
				"CODE_SIGN_IDENTITY[sdk=iphoneos*]" = "iPhone Developer";
				COPY_PHASE_STRIP = NO;
				DEBUG_INFORMATION_FORMAT = dwarf;
				ENABLE_STRICT_OBJC_MSGSEND = YES;
				ENABLE_TESTABILITY = YES;
				GCC_C_LANGUAGE_STANDARD = gnu99;
				GCC_DYNAMIC_NO_PIC = NO;
				GCC_NO_COMMON_BLOCKS = YES;
				GCC_OPTIMIZATION_LEVEL = 0;
				GCC_PREPROCESSOR_DEFINITIONS = (
					"DEBUG=1",
					"$(inherited)",
				);
				GCC_WARN_64_TO_32_BIT_CONVERSION = YES;
				GCC_WARN_ABOUT_RETURN_TYPE = YES_ERROR;
				GCC_WARN_UNDECLARED_SELECTOR = YES;
				GCC_WARN_UNINITIALIZED_AUTOS = YES_AGGRESSIVE;
				GCC_WARN_UNUSED_FUNCTION = YES;
				GCC_WARN_UNUSED_VARIABLE = YES;
				IPHONEOS_DEPLOYMENT_TARGET = 10.0;
				MTL_ENABLE_DEBUG_INFO = YES;
				ONLY_ACTIVE_ARCH = YES;
				SDKROOT = iphoneos;
				SWIFT_ACTIVE_COMPILATION_CONDITIONS = DEBUG;
				SWIFT_OPTIMIZATION_LEVEL = "-Onone";
				TARGETED_DEVICE_FAMILY = "1,2";
			};
			name = Debug;
		};
		D7D1FBBA1DA0E6CB0011824B /* Release */ = {
			isa = XCBuildConfiguration;
			buildSettings = {
				ALWAYS_SEARCH_USER_PATHS = NO;
				CLANG_ANALYZER_NONNULL = YES;
				CLANG_CXX_LANGUAGE_STANDARD = "gnu++0x";
				CLANG_CXX_LIBRARY = "libc++";
				CLANG_ENABLE_MODULES = YES;
				CLANG_ENABLE_OBJC_ARC = YES;
				CLANG_WARN_BOOL_CONVERSION = YES;
				CLANG_WARN_CONSTANT_CONVERSION = YES;
				CLANG_WARN_DIRECT_OBJC_ISA_USAGE = YES_ERROR;
				CLANG_WARN_DOCUMENTATION_COMMENTS = YES;
				CLANG_WARN_EMPTY_BODY = YES;
				CLANG_WARN_ENUM_CONVERSION = YES;
				CLANG_WARN_INFINITE_RECURSION = YES;
				CLANG_WARN_INT_CONVERSION = YES;
				CLANG_WARN_OBJC_ROOT_CLASS = YES_ERROR;
				CLANG_WARN_SUSPICIOUS_MOVES = YES;
				CLANG_WARN_UNREACHABLE_CODE = YES;
				CLANG_WARN__DUPLICATE_METHOD_MATCH = YES;
				"CODE_SIGN_IDENTITY[sdk=iphoneos*]" = "iPhone Developer";
				COPY_PHASE_STRIP = NO;
				DEBUG_INFORMATION_FORMAT = "dwarf-with-dsym";
				ENABLE_NS_ASSERTIONS = NO;
				ENABLE_STRICT_OBJC_MSGSEND = YES;
				GCC_C_LANGUAGE_STANDARD = gnu99;
				GCC_NO_COMMON_BLOCKS = YES;
				GCC_WARN_64_TO_32_BIT_CONVERSION = YES;
				GCC_WARN_ABOUT_RETURN_TYPE = YES_ERROR;
				GCC_WARN_UNDECLARED_SELECTOR = YES;
				GCC_WARN_UNINITIALIZED_AUTOS = YES_AGGRESSIVE;
				GCC_WARN_UNUSED_FUNCTION = YES;
				GCC_WARN_UNUSED_VARIABLE = YES;
				IPHONEOS_DEPLOYMENT_TARGET = 10.0;
				MTL_ENABLE_DEBUG_INFO = NO;
				SDKROOT = iphoneos;
				SWIFT_OPTIMIZATION_LEVEL = "-Owholemodule";
				TARGETED_DEVICE_FAMILY = "1,2";
				VALIDATE_PRODUCT = YES;
			};
			name = Release;
		};
		D7D1FBBC1DA0E6CB0011824B /* Debug */ = {
			isa = XCBuildConfiguration;
			buildSettings = {
				ASSETCATALOG_COMPILER_APPICON_NAME = AppIcon;
				DEVELOPMENT_TEAM = 88UZ84VZEF;
				INFOPLIST_FILE = WhetherWeather/Info.plist;
				LD_RUNPATH_SEARCH_PATHS = "$(inherited) @executable_path/Frameworks";
				PRODUCT_BUNDLE_IDENTIFIER = com.denvercoder.WhetherWeather;
				PRODUCT_NAME = "$(TARGET_NAME)";
				SWIFT_VERSION = 3.0;
				TARGETED_DEVICE_FAMILY = 1;
			};
			name = Debug;
		};
		D7D1FBBD1DA0E6CB0011824B /* Release */ = {
			isa = XCBuildConfiguration;
			buildSettings = {
				ASSETCATALOG_COMPILER_APPICON_NAME = AppIcon;
				DEVELOPMENT_TEAM = 88UZ84VZEF;
				INFOPLIST_FILE = WhetherWeather/Info.plist;
				LD_RUNPATH_SEARCH_PATHS = "$(inherited) @executable_path/Frameworks";
				PRODUCT_BUNDLE_IDENTIFIER = com.denvercoder.WhetherWeather;
				PRODUCT_NAME = "$(TARGET_NAME)";
				SWIFT_VERSION = 3.0;
				TARGETED_DEVICE_FAMILY = 1;
			};
			name = Release;
		};
/* End XCBuildConfiguration section */

/* Begin XCConfigurationList section */
		D7D1FBA41DA0E6CB0011824B /* Build configuration list for PBXProject "WhetherWeather" */ = {
			isa = XCConfigurationList;
			buildConfigurations = (
				D7D1FBB91DA0E6CB0011824B /* Debug */,
				D7D1FBBA1DA0E6CB0011824B /* Release */,
			);
			defaultConfigurationIsVisible = 0;
			defaultConfigurationName = Release;
		};
		D7D1FBBB1DA0E6CB0011824B /* Build configuration list for PBXNativeTarget "WhetherWeather" */ = {
			isa = XCConfigurationList;
			buildConfigurations = (
				D7D1FBBC1DA0E6CB0011824B /* Debug */,
				D7D1FBBD1DA0E6CB0011824B /* Release */,
			);
			defaultConfigurationIsVisible = 0;
			defaultConfigurationName = Release;
		};
/* End XCConfigurationList section */
	};
	rootObject = D7D1FBA11DA0E6CB0011824B /* Project object */;
}
